
Microsoft Visual Studio Solution File, Format Version 12.00
# Visual Studio Version 17
VisualStudioVersion = 17.7.34031.279
MinimumVisualStudioVersion = 10.0.40219.1
Project("{9A19103F-16F7-4668-BE54-9A1E7A4F7556}") = "CrewDir.Api", "CrewDir.Api\CrewDir.Api.csproj", "{418CD975-79AA-4B25-87C6-1F3470CEFE3C}"
EndProject
Project("{2150E333-8FDC-42A3-9474-1A3956D46DE8}") = "Solution Items", "Solution Items", "{350EFA69-EE2E-47DE-A588-94C97180A944}"
	ProjectSection(SolutionItems) = preProject
		.gitignore = .gitignore
		LICENSE.txt = LICENSE.txt
		README.md = README.md
	EndProjectSection
EndProject
Project("{9A19103F-16F7-4668-BE54-9A1E7A4F7556}") = "CrewDir.Web", "CrewDir.Web\CrewDir.Web.csproj", "{54CBD90D-6803-42BD-8CC3-939DA4FB7A4F}"
EndProject
Project("{9A19103F-16F7-4668-BE54-9A1E7A4F7556}") = "CrewDir.UIShared", "CrewDir.UIShared\CrewDir.UIShared.csproj", "{00A85A4B-F6BD-41E2-B56A-2145644FFCF3}"
EndProject
Project("{9A19103F-16F7-4668-BE54-9A1E7A4F7556}") = "CrewDir.Native", "CrewDir.Native\CrewDir.Native.csproj", "{1F3E9C5D-AFC5-462D-A1FF-C38F8DC57FA8}"
EndProject
Project("{FAE04EC0-301F-11D3-BF4B-00C04F79EFBC}") = "CrewDir.UIService", "CrewDir.UIService\CrewDir.UIService.csproj", "{00D93DDD-B495-4B86-A340-834588C77632}"
EndProject
Global
	GlobalSection(SolutionConfigurationPlatforms) = preSolution
		Debug|Any CPU = Debug|Any CPU
		Release|Any CPU = Release|Any CPU
	EndGlobalSection
	GlobalSection(ProjectConfigurationPlatforms) = postSolution
		{418CD975-79AA-4B25-87C6-1F3470CEFE3C}.Debug|Any CPU.ActiveCfg = Debug|Any CPU
		{418CD975-79AA-4B25-87C6-1F3470CEFE3C}.Debug|Any CPU.Build.0 = Debug|Any CPU
		{418CD975-79AA-4B25-87C6-1F3470CEFE3C}.Release|Any CPU.ActiveCfg = Release|Any CPU
		{418CD975-79AA-4B25-87C6-1F3470CEFE3C}.Release|Any CPU.Build.0 = Release|Any CPU
		{54CBD90D-6803-42BD-8CC3-939DA4FB7A4F}.Debug|Any CPU.ActiveCfg = Debug|Any CPU
		{54CBD90D-6803-42BD-8CC3-939DA4FB7A4F}.Debug|Any CPU.Build.0 = Debug|Any CPU
		{54CBD90D-6803-42BD-8CC3-939DA4FB7A4F}.Release|Any CPU.ActiveCfg = Release|Any CPU
		{54CBD90D-6803-42BD-8CC3-939DA4FB7A4F}.Release|Any CPU.Build.0 = Release|Any CPU
		{00A85A4B-F6BD-41E2-B56A-2145644FFCF3}.Debug|Any CPU.ActiveCfg = Debug|Any CPU
		{00A85A4B-F6BD-41E2-B56A-2145644FFCF3}.Debug|Any CPU.Build.0 = Debug|Any CPU
		{00A85A4B-F6BD-41E2-B56A-2145644FFCF3}.Release|Any CPU.ActiveCfg = Release|Any CPU
		{00A85A4B-F6BD-41E2-B56A-2145644FFCF3}.Release|Any CPU.Build.0 = Release|Any CPU
		{1F3E9C5D-AFC5-462D-A1FF-C38F8DC57FA8}.Debug|Any CPU.ActiveCfg = Debug|Any CPU
		{1F3E9C5D-AFC5-462D-A1FF-C38F8DC57FA8}.Debug|Any CPU.Build.0 = Debug|Any CPU
		{1F3E9C5D-AFC5-462D-A1FF-C38F8DC57FA8}.Debug|Any CPU.Deploy.0 = Debug|Any CPU
		{1F3E9C5D-AFC5-462D-A1FF-C38F8DC57FA8}.Release|Any CPU.ActiveCfg = Release|Any CPU
		{1F3E9C5D-AFC5-462D-A1FF-C38F8DC57FA8}.Release|Any CPU.Build.0 = Release|Any CPU
		{1F3E9C5D-AFC5-462D-A1FF-C38F8DC57FA8}.Release|Any CPU.Deploy.0 = Release|Any CPU
		{00D93DDD-B495-4B86-A340-834588C77632}.Debug|Any CPU.ActiveCfg = Debug|Any CPU
		{00D93DDD-B495-4B86-A340-834588C77632}.Debug|Any CPU.Build.0 = Debug|Any CPU
		{00D93DDD-B495-4B86-A340-834588C77632}.Release|Any CPU.ActiveCfg = Release|Any CPU
		{00D93DDD-B495-4B86-A340-834588C77632}.Release|Any CPU.Build.0 = Release|Any CPU
	EndGlobalSection
	GlobalSection(SolutionProperties) = preSolution
		HideSolutionNode = FALSE
	EndGlobalSection
	GlobalSection(ExtensibilityGlobals) = postSolution
		SolutionGuid = {8E6BD5C5-5750-4BBF-B98F-A010302EB4A6}
	EndGlobalSection
EndGlobal
